
Microsoft Visual Studio Solution File, Format Version 12.00
# Visual Studio 15
VisualStudioVersion = 15.0.28307.1062
MinimumVisualStudioVersion = 10.0.40219.1
Project("{FAE04EC0-301F-11D3-BF4B-00C04F79EFBC}") = "A", "A\A.csproj", "{36D996FE-A880-452D-898B-B62AF6A23C32}"
EndProject
Global
	GlobalSection(SolutionConfigurationPlatforms) = preSolution
		Debug|Any CPU = Debug|Any CPU
		Release|Any CPU = Release|Any CPU
	EndGlobalSection
	GlobalSection(ProjectConfigurationPlatforms) = postSolution
		{36D996FE-A880-452D-898B-B62AF6A23C32}.Debug|Any CPU.ActiveCfg = Debug|Any CPU
		{36D996FE-A880-452D-898B-B62AF6A23C32}.Debug|Any CPU.Build.0 = Debug|Any CPU
		{36D996FE-A880-452D-898B-B62AF6A23C32}.Release|Any CPU.ActiveCfg = Release|Any CPU
		{36D996FE-A880-452D-898B-B62AF6A23C32}.Release|Any CPU.Build.0 = Release|Any CPU
	EndGlobalSection
	GlobalSection(SolutionProperties) = preSolution
		HideSolutionNode = FALSE
	EndGlobalSection
	GlobalSection(ExtensibilityGlobals) = postSolution
		SolutionGuid = {4971DF34-26FA-4B88-9684-D62527E1101E}
	EndGlobalSection
EndGlobal
